// !$*UTF8*$!
{
	archiveVersion = 1;
	classes = {
	};
	objectVersion = 55;
	objects = {

/* Begin PBXBuildFile section */
		BB03DE212887401F00384911 /* XyloPhoneApp.swift in Sources */ = {isa = PBXBuildFile; fileRef = BB03DE202887401F00384911 /* XyloPhoneApp.swift */; };
		BB03DE232887401F00384911 /* ContentView.swift in Sources */ = {isa = PBXBuildFile; fileRef = BB03DE222887401F00384911 /* ContentView.swift */; };
		BB03DE252887402000384911 /* Assets.xcassets in Resources */ = {isa = PBXBuildFile; fileRef = BB03DE242887402000384911 /* Assets.xcassets */; };
		BB03DE282887402000384911 /* Preview Assets.xcassets in Resources */ = {isa = PBXBuildFile; fileRef = BB03DE272887402000384911 /* Preview Assets.xcassets */; };
		BB03DE2F2887417500384911 /* KeyButton.swift in Sources */ = {isa = PBXBuildFile; fileRef = BB03DE2E2887417500384911 /* KeyButton.swift */; };
		BB03DE38288743F300384911 /* A.wav in Resources */ = {isa = PBXBuildFile; fileRef = BB03DE31288743F300384911 /* A.wav */; };
		BB03DE39288743F300384911 /* C.wav in Resources */ = {isa = PBXBuildFile; fileRef = BB03DE32288743F300384911 /* C.wav */; };
		BB03DE3A288743F300384911 /* B.wav in Resources */ = {isa = PBXBuildFile; fileRef = BB03DE33288743F300384911 /* B.wav */; };
		BB03DE3B288743F300384911 /* F.wav in Resources */ = {isa = PBXBuildFile; fileRef = BB03DE34288743F300384911 /* F.wav */; };
		BB03DE3C288743F300384911 /* G.wav in Resources */ = {isa = PBXBuildFile; fileRef = BB03DE35288743F300384911 /* G.wav */; };
		BB03DE3D288743F300384911 /* E.wav in Resources */ = {isa = PBXBuildFile; fileRef = BB03DE36288743F300384911 /* E.wav */; };
		BB03DE3E288743F300384911 /* D.wav in Resources */ = {isa = PBXBuildFile; fileRef = BB03DE37288743F300384911 /* D.wav */; };
/* End PBXBuildFile section */

/* Begin PBXFileReference section */
		BB03DE1D2887401F00384911 /* XyloPhone.app */ = {isa = PBXFileReference; explicitFileType = wrapper.application; includeInIndex = 0; path = XyloPhone.app; sourceTree = BUILT_PRODUCTS_DIR; };
		BB03DE202887401F00384911 /* XyloPhoneApp.swift */ = {isa = PBXFileReference; lastKnownFileType = sourcecode.swift; path = XyloPhoneApp.swift; sourceTree = "<group>"; };
		BB03DE222887401F00384911 /* ContentView.swift */ = {isa = PBXFileReference; lastKnownFileType = sourcecode.swift; path = ContentView.swift; sourceTree = "<group>"; };
		BB03DE242887402000384911 /* Assets.xcassets */ = {isa = PBXFileReference; lastKnownFileType = folder.assetcatalog; path = Assets.xcassets; sourceTree = "<group>"; };
		BB03DE272887402000384911 /* Preview Assets.xcassets */ = {isa = PBXFileReference; lastKnownFileType = folder.assetcatalog; path = "Preview Assets.xcassets"; sourceTree = "<group>"; };
		BB03DE2E2887417500384911 /* KeyButton.swift */ = {isa = PBXFileReference; lastKnownFileType = sourcecode.swift; path = KeyButton.swift; sourceTree = "<group>"; };
		BB03DE31288743F300384911 /* A.wav */ = {isa = PBXFileReference; lastKnownFileType = audio.wav; path = A.wav; sourceTree = "<group>"; };
		BB03DE32288743F300384911 /* C.wav */ = {isa = PBXFileReference; lastKnownFileType = audio.wav; path = C.wav; sourceTree = "<group>"; };
		BB03DE33288743F300384911 /* B.wav */ = {isa = PBXFileReference; lastKnownFileType = audio.wav; path = B.wav; sourceTree = "<group>"; };
		BB03DE34288743F300384911 /* F.wav */ = {isa = PBXFileReference; lastKnownFileType = audio.wav; path = F.wav; sourceTree = "<group>"; };
		BB03DE35288743F300384911 /* G.wav */ = {isa = PBXFileReference; lastKnownFileType = audio.wav; path = G.wav; sourceTree = "<group>"; };
		BB03DE36288743F300384911 /* E.wav */ = {isa = PBXFileReference; lastKnownFileType = audio.wav; path = E.wav; sourceTree = "<group>"; };
		BB03DE37288743F300384911 /* D.wav */ = {isa = PBXFileReference; lastKnownFileType = audio.wav; path = D.wav; sourceTree = "<group>"; };
/* End PBXFileReference section */

/* Begin PBXFrameworksBuildPhase section */
		BB03DE1A2887401F00384911 /* Frameworks */ = {
			isa = PBXFrameworksBuildPhase;
			buildActionMask = 2147483647;
			files = (
			);
			runOnlyForDeploymentPostprocessing = 0;
		};
/* End PBXFrameworksBuildPhase section */

/* Begin PBXGroup section */
		BB03DE142887401F00384911 = {
			isa = PBXGroup;
			children = (
				BB03DE1F2887401F00384911 /* XyloPhone */,
				BB03DE1E2887401F00384911 /* Products */,
			);
			sourceTree = "<group>";
		};
		BB03DE1E2887401F00384911 /* Products */ = {
			isa = PBXGroup;
			children = (
				BB03DE1D2887401F00384911 /* XyloPhone.app */,
			);
			name = Products;
			sourceTree = "<group>";
		};
		BB03DE1F2887401F00384911 /* XyloPhone */ = {
			isa = PBXGroup;
			children = (
				BB03DE202887401F00384911 /* XyloPhoneApp.swift */,
				BB03DE222887401F00384911 /* ContentView.swift */,
				BB03DE242887402000384911 /* Assets.xcassets */,
				BB03DE262887402000384911 /* Preview Content */,
				BB03DE2E2887417500384911 /* KeyButton.swift */,
				BB03DE30288743F300384911 /* Sounds */,
			);
			path = XyloPhone;
			sourceTree = "<group>";
		};
		BB03DE262887402000384911 /* Preview Content */ = {
			isa = PBXGroup;
			children = (
				BB03DE272887402000384911 /* Preview Assets.xcassets */,
			);
			path = "Preview Content";
			sourceTree = "<group>";
		};
		BB03DE30288743F300384911 /* Sounds */ = {
			isa = PBXGroup;
			children = (
				BB03DE31288743F300384911 /* A.wav */,
				BB03DE32288743F300384911 /* C.wav */,
				BB03DE33288743F300384911 /* B.wav */,
				BB03DE34288743F300384911 /* F.wav */,
				BB03DE35288743F300384911 /* G.wav */,
				BB03DE36288743F300384911 /* E.wav */,
				BB03DE37288743F300384911 /* D.wav */,
			);
			path = Sounds;
			sourceTree = "<group>";
		};
/* End PBXGroup section */

/* Begin PBXNativeTarget section */
		BB03DE1C2887401F00384911 /* XyloPhone */ = {
			isa = PBXNativeTarget;
			buildConfigurationList = BB03DE2B2887402000384911 /* Build configuration list for PBXNativeTarget "XyloPhone" */;
			buildPhases = (
				BB03DE192887401F00384911 /* Sources */,
				BB03DE1A2887401F00384911 /* Frameworks */,
				BB03DE1B2887401F00384911 /* Resources */,
			);
			buildRules = (
			);
			dependencies = (
			);
			name = XyloPhone;
			productName = XyloPhone;
			productReference = BB03DE1D2887401F00384911 /* XyloPhone.app */;
			productType = "com.apple.product-type.application";
		};
/* End PBXNativeTarget section */

/* Begin PBXProject section */
		BB03DE152887401F00384911 /* Project object */ = {
			isa = PBXProject;
			attributes = {
				BuildIndependentTargetsInParallel = 1;
				LastSwiftUpdateCheck = 1340;
				LastUpgradeCheck = 1340;
				TargetAttributes = {
					BB03DE1C2887401F00384911 = {
						CreatedOnToolsVersion = 13.4.1;
					};
				};
			};
			buildConfigurationList = BB03DE182887401F00384911 /* Build configuration list for PBXProject "XyloPhone" */;
			compatibilityVersion = "Xcode 13.0";
			developmentRegion = en;
			hasScannedForEncodings = 0;
			knownRegions = (
				en,
				Base,
			);
			mainGroup = BB03DE142887401F00384911;
			productRefGroup = BB03DE1E2887401F00384911 /* Products */;
			projectDirPath = "";
			projectRoot = "";
			targets = (
				BB03DE1C2887401F00384911 /* XyloPhone */,
			);
		};
/* End PBXProject section */

/* Begin PBXResourcesBuildPhase section */
		BB03DE1B2887401F00384911 /* Resources */ = {
			isa = PBXResourcesBuildPhase;
			buildActionMask = 2147483647;
			files = (
				BB03DE3E288743F300384911 /* D.wav in Resources */,
				BB03DE39288743F300384911 /* C.wav in Resources */,
				BB03DE3A288743F300384911 /* B.wav in Resources */,
				BB03DE38288743F300384911 /* A.wav in Resources */,
				BB03DE3B288743F300384911 /* F.wav in Resources */,
				BB03DE3C288743F300384911 /* G.wav in Resources */,
				BB03DE282887402000384911 /* Preview Assets.xcassets in Resources */,
				BB03DE3D288743F300384911 /* E.wav in Resources */,
				BB03DE252887402000384911 /* Assets.xcassets in Resources */,
			);
			runOnlyForDeploymentPostprocessing = 0;
		};
/* End PBXResourcesBuildPhase section */

/* Begin PBXSourcesBuildPhase section */
		BB03DE192887401F00384911 /* Sources */ = {
			isa = PBXSourcesBuildPhase;
			buildActionMask = 2147483647;
			files = (
				BB03DE2F2887417500384911 /* KeyButton.swift in Sources */,
				BB03DE232887401F00384911 /* ContentView.swift in Sources */,
				BB03DE212887401F00384911 /* XyloPhoneApp.swift in Sources */,
			);
			runOnlyForDeploymentPostprocessing = 0;
		};
/* End PBXSourcesBuildPhase section */

/* Begin XCBuildConfiguration section */
		BB03DE292887402000384911 /* Debug */ = {
			isa = XCBuildConfiguration;
			buildSettings = {
				ALWAYS_SEARCH_USER_PATHS = NO;
				CLANG_ANALYZER_NONNULL = YES;
				CLANG_ANALYZER_NUMBER_OBJECT_CONVERSION = YES_AGGRESSIVE;
				CLANG_CXX_LANGUAGE_STANDARD = "gnu++17";
				CLANG_ENABLE_MODULES = YES;
				CLANG_ENABLE_OBJC_ARC = YES;
				CLANG_ENABLE_OBJC_WEAK = YES;
				CLANG_WARN_BLOCK_CAPTURE_AUTORELEASING = YES;
				CLANG_WARN_BOOL_CONVERSION = YES;
				CLANG_WARN_COMMA = YES;
				CLANG_WARN_CONSTANT_CONVERSION = YES;
				CLANG_WARN_DEPRECATED_OBJC_IMPLEMENTATIONS = YES;
				CLANG_WARN_DIRECT_OBJC_ISA_USAGE = YES_ERROR;
				CLANG_WARN_DOCUMENTATION_COMMENTS = YES;
				CLANG_WARN_EMPTY_BODY = YES;
				CLANG_WARN_ENUM_CONVERSION = YES;
				CLANG_WARN_INFINITE_RECURSION = YES;
				CLANG_WARN_INT_CONVERSION = YES;
				CLANG_WARN_NON_LITERAL_NULL_CONVERSION = YES;
				CLANG_WARN_OBJC_IMPLICIT_RETAIN_SELF = YES;
				CLANG_WARN_OBJC_LITERAL_CONVERSION = YES;
				CLANG_WARN_OBJC_ROOT_CLASS = YES_ERROR;
				CLANG_WARN_QUOTED_INCLUDE_IN_FRAMEWORK_HEADER = YES;
				CLANG_WARN_RANGE_LOOP_ANALYSIS = YES;
				CLANG_WARN_STRICT_PROTOTYPES = YES;
				CLANG_WARN_SUSPICIOUS_MOVE = YES;
				CLANG_WARN_UNGUARDED_AVAILABILITY = YES_AGGRESSIVE;
				CLANG_WARN_UNREACHABLE_CODE = YES;
				CLANG_WARN__DUPLICATE_METHOD_MATCH = YES;
				COPY_PHASE_STRIP = NO;
				DEBUG_INFORMATION_FORMAT = dwarf;
				ENABLE_STRICT_OBJC_MSGSEND = YES;
				ENABLE_TESTABILITY = YES;
				GCC_C_LANGUAGE_STANDARD = gnu11;
				GCC_DYNAMIC_NO_PIC = NO;
				GCC_NO_COMMON_BLOCKS = YES;
				GCC_OPTIMIZATION_LEVEL = 0;
				GCC_PREPROCESSOR_DEFINITIONS = (
					"DEBUG=1",
					"$(inherited)",
				);
				GCC_WARN_64_TO_32_BIT_CONVERSION = YES;
				GCC_WARN_ABOUT_RETURN_TYPE = YES_ERROR;
				GCC_WARN_UNDECLARED_SELECTOR = YES;
				GCC_WARN_UNINITIALIZED_AUTOS = YES_AGGRESSIVE;
				GCC_WARN_UNUSED_FUNCTION = YES;
				GCC_WARN_UNUSED_VARIABLE = YES;
				IPHONEOS_DEPLOYMENT_TARGET = 15.5;
				MTL_ENABLE_DEBUG_INFO = INCLUDE_SOURCE;
				MTL_FAST_MATH = YES;
				ONLY_ACTIVE_ARCH = YES;
				SDKROOT = iphoneos;
				SWIFT_ACTIVE_COMPILATION_CONDITIONS = DEBUG;
				SWIFT_OPTIMIZATION_LEVEL = "-Onone";
			};
			name = Debug;
		};
		BB03DE2A2887402000384911 /* Release */ = {
			isa = XCBuildConfiguration;
			buildSettings = {
				ALWAYS_SEARCH_USER_PATHS = NO;
				CLANG_ANALYZER_NONNULL = YES;
				CLANG_ANALYZER_NUMBER_OBJECT_CONVERSION = YES_AGGRESSIVE;
				CLANG_CXX_LANGUAGE_STANDARD = "gnu++17";
				CLANG_ENABLE_MODULES = YES;
				CLANG_ENABLE_OBJC_ARC = YES;
				CLANG_ENABLE_OBJC_WEAK = YES;
				CLANG_WARN_BLOCK_CAPTURE_AUTORELEASING = YES;
				CLANG_WARN_BOOL_CONVERSION = YES;
				CLANG_WARN_COMMA = YES;
				CLANG_WARN_CONSTANT_CONVERSION = YES;
				CLANG_WARN_DEPRECATED_OBJC_IMPLEMENTATIONS = YES;
				CLANG_WARN_DIRECT_OBJC_ISA_USAGE = YES_ERROR;
				CLANG_WARN_DOCUMENTATION_COMMENTS = YES;
				CLANG_WARN_EMPTY_BODY = YES;
				CLANG_WARN_ENUM_CONVERSION = YES;
				CLANG_WARN_INFINITE_RECURSION = YES;
				CLANG_WARN_INT_CONVERSION = YES;
				CLANG_WARN_NON_LITERAL_NULL_CONVERSION = YES;
				CLANG_WARN_OBJC_IMPLICIT_RETAIN_SELF = YES;
				CLANG_WARN_OBJC_LITERAL_CONVERSION = YES;
				CLANG_WARN_OBJC_ROOT_CLASS = YES_ERROR;
				CLANG_WARN_QUOTED_INCLUDE_IN_FRAMEWORK_HEADER = YES;
				CLANG_WARN_RANGE_LOOP_ANALYSIS = YES;
				CLANG_WARN_STRICT_PROTOTYPES = YES;
				CLANG_WARN_SUSPICIOUS_MOVE = YES;
				CLANG_WARN_UNGUARDED_AVAILABILITY = YES_AGGRESSIVE;
				CLANG_WARN_UNREACHABLE_CODE = YES;
				CLANG_WARN__DUPLICATE_METHOD_MATCH = YES;
				COPY_PHASE_STRIP = NO;
				DEBUG_INFORMATION_FORMAT = "dwarf-with-dsym";
				ENABLE_NS_ASSERTIONS = NO;
				ENABLE_STRICT_OBJC_MSGSEND = YES;
				GCC_C_LANGUAGE_STANDARD = gnu11;
				GCC_NO_COMMON_BLOCKS = YES;
				GCC_WARN_64_TO_32_BIT_CONVERSION = YES;
				GCC_WARN_ABOUT_RETURN_TYPE = YES_ERROR;
				GCC_WARN_UNDECLARED_SELECTOR = YES;
				GCC_WARN_UNINITIALIZED_AUTOS = YES_AGGRESSIVE;
				GCC_WARN_UNUSED_FUNCTION = YES;
				GCC_WARN_UNUSED_VARIABLE = YES;
				IPHONEOS_DEPLOYMENT_TARGET = 15.5;
				MTL_ENABLE_DEBUG_INFO = NO;
				MTL_FAST_MATH = YES;
				SDKROOT = iphoneos;
				SWIFT_COMPILATION_MODE = wholemodule;
				SWIFT_OPTIMIZATION_LEVEL = "-O";
				VALIDATE_PRODUCT = YES;
			};
			name = Release;
		};
		BB03DE2C2887402000384911 /* Debug */ = {
			isa = XCBuildConfiguration;
			buildSettings = {
				ASSETCATALOG_COMPILER_APPICON_NAME = AppIcon;
				ASSETCATALOG_COMPILER_GLOBAL_ACCENT_COLOR_NAME = AccentColor;
				CODE_SIGN_STYLE = Automatic;
				CURRENT_PROJECT_VERSION = 1;
				DEVELOPMENT_ASSET_PATHS = "\"XyloPhone/Preview Content\"";
				DEVELOPMENT_TEAM = DQ287W5U99;
				ENABLE_PREVIEWS = YES;
				GENERATE_INFOPLIST_FILE = YES;
				INFOPLIST_KEY_UIApplicationSceneManifest_Generation = YES;
				INFOPLIST_KEY_UIApplicationSupportsIndirectInputEvents = YES;
				INFOPLIST_KEY_UILaunchScreen_Generation = YES;
				INFOPLIST_KEY_UISupportedInterfaceOrientations_iPad = "UIInterfaceOrientationPortrait UIInterfaceOrientationPortraitUpsideDown UIInterfaceOrientationLandscapeLeft UIInterfaceOrientationLandscapeRight";
				INFOPLIST_KEY_UISupportedInterfaceOrientations_iPhone = "UIInterfaceOrientationPortrait UIInterfaceOrientationLandscapeLeft UIInterfaceOrientationLandscapeRight";
				LD_RUNPATH_SEARCH_PATHS = (
					"$(inherited)",
					"@executable_path/Frameworks",
				);
				MARKETING_VERSION = 1.0;
				PRODUCT_BUNDLE_IDENTIFIER = com.macdonald.XyloPhone;
				PRODUCT_NAME = "$(TARGET_NAME)";
				SWIFT_EMIT_LOC_STRINGS = YES;
				SWIFT_VERSION = 5.0;
				TARGETED_DEVICE_FAMILY = "1,2";
			};
			name = Debug;
		};
		BB03DE2D2887402000384911 /* Release */ = {
			isa = XCBuildConfiguration;
			buildSettings = {
				ASSETCATALOG_COMPILER_APPICON_NAME = AppIcon;
				ASSETCATALOG_COMPILER_GLOBAL_ACCENT_COLOR_NAME = AccentColor;
				CODE_SIGN_STYLE = Automatic;
				CURRENT_PROJECT_VERSION = 1;
				DEVELOPMENT_ASSET_PATHS = "\"XyloPhone/Preview Content\"";
				DEVELOPMENT_TEAM = DQ287W5U99;
				ENABLE_PREVIEWS = YES;
				GENERATE_INFOPLIST_FILE = YES;
				INFOPLIST_KEY_UIApplicationSceneManifest_Generation = YES;
				INFOPLIST_KEY_UIApplicationSupportsIndirectInputEvents = YES;
				INFOPLIST_KEY_UILaunchScreen_Generation = YES;
				INFOPLIST_KEY_UISupportedInterfaceOrientations_iPad = "UIInterfaceOrientationPortrait UIInterfaceOrientationPortraitUpsideDown UIInterfaceOrientationLandscapeLeft UIInterfaceOrientationLandscapeRight";
				INFOPLIST_KEY_UISupportedInterfaceOrientations_iPhone = "UIInterfaceOrientationPortrait UIInterfaceOrientationLandscapeLeft UIInterfaceOrientationLandscapeRight";
				LD_RUNPATH_SEARCH_PATHS = (
					"$(inherited)",
					"@executable_path/Frameworks",
				);
				MARKETING_VERSION = 1.0;
				PRODUCT_BUNDLE_IDENTIFIER = com.macdonald.XyloPhone;
				PRODUCT_NAME = "$(TARGET_NAME)";
				SWIFT_EMIT_LOC_STRINGS = YES;
				SWIFT_VERSION = 5.0;
				TARGETED_DEVICE_FAMILY = "1,2";
			};
			name = Release;
		};
/* End XCBuildConfiguration section */

/* Begin XCConfigurationList section */
		BB03DE182887401F00384911 /* Build configuration list for PBXProject "XyloPhone" */ = {
			isa = XCConfigurationList;
			buildConfigurations = (
				BB03DE292887402000384911 /* Debug */,
				BB03DE2A2887402000384911 /* Release */,
			);
			defaultConfigurationIsVisible = 0;
			defaultConfigurationName = Release;
		};
		BB03DE2B2887402000384911 /* Build configuration list for PBXNativeTarget "XyloPhone" */ = {
			isa = XCConfigurationList;
			buildConfigurations = (
				BB03DE2C2887402000384911 /* Debug */,
				BB03DE2D2887402000384911 /* Release */,
			);
			defaultConfigurationIsVisible = 0;
			defaultConfigurationName = Release;
		};
/* End XCConfigurationList section */
	};
	rootObject = BB03DE152887401F00384911 /* Project object */;
}
